
Microsoft Visual Studio Solution File, Format Version 12.00
# Visual Studio Version 16
VisualStudioVersion = 16.0.30523.141
MinimumVisualStudioVersion = 10.0.40219.1
Project("{9A19103F-16F7-4668-BE54-9A1E7A4F7556}") = "SpillTracker", "SpillTracker\SpillTracker.csproj", "{F624F07B-8118-40D1-95DD-CE67EF5E6E3A}"
EndProject
Project("{9A19103F-16F7-4668-BE54-9A1E7A4F7556}") = "SpillTrackerCS.Tests", "SpillTrackerCS.Tests\SpillTrackerCS.Tests.csproj", "{5E442231-096B-44DA-ACB3-B185BB5233D8}"
EndProject
Project("{9092AA53-FB77-4645-B42D-1CCCA6BD08BD}") = "SpillTrackerJSTests", "SpillTrackerJSTests\SpillTrackerJSTests.njsproj", "{9B719102-4372-49ED-93D4-4B2BC6DC0D62}"
EndProject
Project("{FAE04EC0-301F-11D3-BF4B-00C04F79EFBC}") = "SpillTrackerBDDTests", "SpillTrackerBDDTests\SpillTrackerBDDTests.csproj", "{FA091E6E-B635-492B-B948-53CED5D48E85}"
EndProject
Global
	GlobalSection(SolutionConfigurationPlatforms) = preSolution
		Debug|Any CPU = Debug|Any CPU
		Release|Any CPU = Release|Any CPU
	EndGlobalSection
	GlobalSection(ProjectConfigurationPlatforms) = postSolution
		{F624F07B-8118-40D1-95DD-CE67EF5E6E3A}.Debug|Any CPU.ActiveCfg = Debug|Any CPU
		{F624F07B-8118-40D1-95DD-CE67EF5E6E3A}.Debug|Any CPU.Build.0 = Debug|Any CPU
		{F624F07B-8118-40D1-95DD-CE67EF5E6E3A}.Release|Any CPU.ActiveCfg = Release|Any CPU
		{F624F07B-8118-40D1-95DD-CE67EF5E6E3A}.Release|Any CPU.Build.0 = Release|Any CPU
		{5E442231-096B-44DA-ACB3-B185BB5233D8}.Debug|Any CPU.ActiveCfg = Debug|Any CPU
		{5E442231-096B-44DA-ACB3-B185BB5233D8}.Debug|Any CPU.Build.0 = Debug|Any CPU
		{5E442231-096B-44DA-ACB3-B185BB5233D8}.Release|Any CPU.ActiveCfg = Release|Any CPU
		{5E442231-096B-44DA-ACB3-B185BB5233D8}.Release|Any CPU.Build.0 = Release|Any CPU
		{9B719102-4372-49ED-93D4-4B2BC6DC0D62}.Debug|Any CPU.ActiveCfg = Debug|Any CPU
		{9B719102-4372-49ED-93D4-4B2BC6DC0D62}.Debug|Any CPU.Build.0 = Debug|Any CPU
		{9B719102-4372-49ED-93D4-4B2BC6DC0D62}.Release|Any CPU.ActiveCfg = Release|Any CPU
		{9B719102-4372-49ED-93D4-4B2BC6DC0D62}.Release|Any CPU.Build.0 = Release|Any CPU
		{FA091E6E-B635-492B-B948-53CED5D48E85}.Debug|Any CPU.ActiveCfg = Debug|Any CPU
		{FA091E6E-B635-492B-B948-53CED5D48E85}.Debug|Any CPU.Build.0 = Debug|Any CPU
		{FA091E6E-B635-492B-B948-53CED5D48E85}.Release|Any CPU.ActiveCfg = Release|Any CPU
		{FA091E6E-B635-492B-B948-53CED5D48E85}.Release|Any CPU.Build.0 = Release|Any CPU
	EndGlobalSection
	GlobalSection(SolutionProperties) = preSolution
		HideSolutionNode = FALSE
	EndGlobalSection
	GlobalSection(ExtensibilityGlobals) = postSolution
		SolutionGuid = {8B1A5B43-D677-4DB1-B764-B18DB59B7D13}
	EndGlobalSection
EndGlobal
